// !$*UTF8*$!
{
	archiveVersion = 1;
	classes = {
	};
	objectVersion = 48;
	objects = {

/* Begin PBXBuildFile section */
		72A5996A1F367AE00045AB80 /* passenger.cpp in Sources */ = {isa = PBXBuildFile; fileRef = 72A599691F367AE00045AB80 /* passenger.cpp */; };
		72A5996D1F367B3A0045AB80 /* elevator.cpp in Sources */ = {isa = PBXBuildFile; fileRef = 72A5996B1F367B3A0045AB80 /* elevator.cpp */; };
		72EC55281F3393C600C01F4D /* main.cpp in Sources */ = {isa = PBXBuildFile; fileRef = 72EC55271F3393C600C01F4D /* main.cpp */; };
/* End PBXBuildFile section */

/* Begin PBXCopyFilesBuildPhase section */
		72EC55221F3393C400C01F4D /* CopyFiles */ = {
			isa = PBXCopyFilesBuildPhase;
			buildActionMask = 2147483647;
			dstPath = /usr/share/man/man1/;
			dstSubfolderSpec = 0;
			files = (
			);
			runOnlyForDeploymentPostprocessing = 1;
		};
/* End PBXCopyFilesBuildPhase section */

/* Begin PBXFileReference section */
		72A599681F367A980045AB80 /* passenger.hpp */ = {isa = PBXFileReference; fileEncoding = 4; lastKnownFileType = sourcecode.cpp.h; path = passenger.hpp; sourceTree = "<group>"; };
		72A599691F367AE00045AB80 /* passenger.cpp */ = {isa = PBXFileReference; fileEncoding = 4; lastKnownFileType = sourcecode.cpp.cpp; path = passenger.cpp; sourceTree = "<group>"; };
		72A5996B1F367B3A0045AB80 /* elevator.cpp */ = {isa = PBXFileReference; fileEncoding = 4; lastKnownFileType = sourcecode.cpp.cpp; path = elevator.cpp; sourceTree = "<group>"; };
		72A5996C1F367B3A0045AB80 /* elevator.hpp */ = {isa = PBXFileReference; fileEncoding = 4; lastKnownFileType = sourcecode.cpp.h; path = elevator.hpp; sourceTree = "<group>"; };
		72EC55241F3393C500C01F4D /* TestFSM */ = {isa = PBXFileReference; explicitFileType = "compiled.mach-o.executable"; includeInIndex = 0; path = TestFSM; sourceTree = BUILT_PRODUCTS_DIR; };
		72EC55271F3393C600C01F4D /* main.cpp */ = {isa = PBXFileReference; lastKnownFileType = sourcecode.cpp.cpp; path = main.cpp; sourceTree = "<group>"; };
/* End PBXFileReference section */

/* Begin PBXFrameworksBuildPhase section */
		72EC55211F3393C400C01F4D /* Frameworks */ = {
			isa = PBXFrameworksBuildPhase;
			buildActionMask = 2147483647;
			files = (
			);
			runOnlyForDeploymentPostprocessing = 0;
		};
/* End PBXFrameworksBuildPhase section */

/* Begin PBXGroup section */
		72EC551B1F3393C300C01F4D = {
			isa = PBXGroup;
			children = (
				72EC55261F3393C500C01F4D /* TestFSM */,
				72EC55251F3393C500C01F4D /* Products */,
			);
			sourceTree = "<group>";
		};
		72EC55251F3393C500C01F4D /* Products */ = {
			isa = PBXGroup;
			children = (
				72EC55241F3393C500C01F4D /* TestFSM */,
			);
			name = Products;
			sourceTree = "<group>";
		};
		72EC55261F3393C500C01F4D /* TestFSM */ = {
			isa = PBXGroup;
			children = (
				72EC55271F3393C600C01F4D /* main.cpp */,
				72A599681F367A980045AB80 /* passenger.hpp */,
				72A599691F367AE00045AB80 /* passenger.cpp */,
				72A5996B1F367B3A0045AB80 /* elevator.cpp */,
				72A5996C1F367B3A0045AB80 /* elevator.hpp */,
			);
			path = TestFSM;
			sourceTree = "<group>";
		};
/* End PBXGroup section */

/* Begin PBXNativeTarget section */
		72EC55231F3393C400C01F4D /* TestFSM */ = {
			isa = PBXNativeTarget;
			buildConfigurationList = 72EC552B1F3393C600C01F4D /* Build configuration list for PBXNativeTarget "TestFSM" */;
			buildPhases = (
				72EC55201F3393C400C01F4D /* Sources */,
				72EC55211F3393C400C01F4D /* Frameworks */,
				72EC55221F3393C400C01F4D /* CopyFiles */,
			);
			buildRules = (
			);
			dependencies = (
			);
			name = TestFSM;
			productName = TestFSM;
			productReference = 72EC55241F3393C500C01F4D /* TestFSM */;
			productType = "com.apple.product-type.tool";
		};
/* End PBXNativeTarget section */

/* Begin PBXProject section */
		72EC551C1F3393C300C01F4D /* Project object */ = {
			isa = PBXProject;
			attributes = {
				LastUpgradeCheck = 0830;
				ORGANIZATIONNAME = "Peter Higley";
				TargetAttributes = {
					72EC55231F3393C400C01F4D = {
						CreatedOnToolsVersion = 8.3.3;
						ProvisioningStyle = Automatic;
					};
				};
			};
			buildConfigurationList = 72EC551F1F3393C300C01F4D /* Build configuration list for PBXProject "TestFSM" */;
			compatibilityVersion = "Xcode 8.0";
			developmentRegion = English;
			hasScannedForEncodings = 0;
			knownRegions = (
				en,
			);
			mainGroup = 72EC551B1F3393C300C01F4D;
			productRefGroup = 72EC55251F3393C500C01F4D /* Products */;
			projectDirPath = "";
			projectRoot = "";
			targets = (
				72EC55231F3393C400C01F4D /* TestFSM */,
			);
		};
/* End PBXProject section */

/* Begin PBXSourcesBuildPhase section */
		72EC55201F3393C400C01F4D /* Sources */ = {
			isa = PBXSourcesBuildPhase;
			buildActionMask = 2147483647;
			files = (
				72A5996A1F367AE00045AB80 /* passenger.cpp in Sources */,
				72A5996D1F367B3A0045AB80 /* elevator.cpp in Sources */,
				72EC55281F3393C600C01F4D /* main.cpp in Sources */,
			);
			runOnlyForDeploymentPostprocessing = 0;
		};
/* End PBXSourcesBuildPhase section */

/* Begin XCBuildConfiguration section */
		72EC55291F3393C600C01F4D /* Debug */ = {
			isa = XCBuildConfiguration;
			buildSettings = {
				ALWAYS_SEARCH_USER_PATHS = NO;
				CLANG_ANALYZER_NONNULL = YES;
				CLANG_ANALYZER_NUMBER_OBJECT_CONVERSION = YES_AGGRESSIVE;
				CLANG_CXX_LANGUAGE_STANDARD = "gnu++0x";
				CLANG_CXX_LIBRARY = "libc++";
				CLANG_ENABLE_MODULES = YES;
				CLANG_ENABLE_OBJC_ARC = YES;
				CLANG_WARN_BOOL_CONVERSION = YES;
				CLANG_WARN_CONSTANT_CONVERSION = YES;
				CLANG_WARN_DIRECT_OBJC_ISA_USAGE = YES_ERROR;
				CLANG_WARN_DOCUMENTATION_COMMENTS = YES;
				CLANG_WARN_EMPTY_BODY = YES;
				CLANG_WARN_ENUM_CONVERSION = YES;
				CLANG_WARN_INFINITE_RECURSION = YES;
				CLANG_WARN_INT_CONVERSION = YES;
				CLANG_WARN_OBJC_ROOT_CLASS = YES_ERROR;
				CLANG_WARN_SUSPICIOUS_MOVE = YES;
				CLANG_WARN_UNREACHABLE_CODE = YES;
				CLANG_WARN__DUPLICATE_METHOD_MATCH = YES;
				CODE_SIGN_IDENTITY = "-";
				COPY_PHASE_STRIP = NO;
				DEBUG_INFORMATION_FORMAT = dwarf;
				ENABLE_STRICT_OBJC_MSGSEND = YES;
				ENABLE_TESTABILITY = YES;
				GCC_C_LANGUAGE_STANDARD = gnu99;
				GCC_DYNAMIC_NO_PIC = NO;
				GCC_NO_COMMON_BLOCKS = YES;
				GCC_OPTIMIZATION_LEVEL = 0;
				GCC_PREPROCESSOR_DEFINITIONS = (
					"DEBUG=1",
					"$(inherited)",
				);
				GCC_WARN_64_TO_32_BIT_CONVERSION = YES;
				GCC_WARN_ABOUT_RETURN_TYPE = YES_ERROR;
				GCC_WARN_UNDECLARED_SELECTOR = YES;
				GCC_WARN_UNINITIALIZED_AUTOS = YES_AGGRESSIVE;
				GCC_WARN_UNUSED_FUNCTION = YES;
				GCC_WARN_UNUSED_VARIABLE = YES;
				MACOSX_DEPLOYMENT_TARGET = 10.12;
				MTL_ENABLE_DEBUG_INFO = YES;
				ONLY_ACTIVE_ARCH = YES;
				SDKROOT = macosx;
			};
			name = Debug;
		};
		72EC552A1F3393C600C01F4D /* Release */ = {
			isa = XCBuildConfiguration;
			buildSettings = {
				ALWAYS_SEARCH_USER_PATHS = NO;
				CLANG_ANALYZER_NONNULL = YES;
				CLANG_ANALYZER_NUMBER_OBJECT_CONVERSION = YES_AGGRESSIVE;
				CLANG_CXX_LANGUAGE_STANDARD = "gnu++0x";
				CLANG_CXX_LIBRARY = "libc++";
				CLANG_ENABLE_MODULES = YES;
				CLANG_ENABLE_OBJC_ARC = YES;
				CLANG_WARN_BOOL_CONVERSION = YES;
				CLANG_WARN_CONSTANT_CONVERSION = YES;
				CLANG_WARN_DIRECT_OBJC_ISA_USAGE = YES_ERROR;
				CLANG_WARN_DOCUMENTATION_COMMENTS = YES;
				CLANG_WARN_EMPTY_BODY = YES;
				CLANG_WARN_ENUM_CONVERSION = YES;
				CLANG_WARN_INFINITE_RECURSION = YES;
				CLANG_WARN_INT_CONVERSION = YES;
				CLANG_WARN_OBJC_ROOT_CLASS = YES_ERROR;
				CLANG_WARN_SUSPICIOUS_MOVE = YES;
				CLANG_WARN_UNREACHABLE_CODE = YES;
				CLANG_WARN__DUPLICATE_METHOD_MATCH = YES;
				CODE_SIGN_IDENTITY = "-";
				COPY_PHASE_STRIP = NO;
				DEBUG_INFORMATION_FORMAT = "dwarf-with-dsym";
				ENABLE_NS_ASSERTIONS = NO;
				ENABLE_STRICT_OBJC_MSGSEND = YES;
				GCC_C_LANGUAGE_STANDARD = gnu99;
				GCC_NO_COMMON_BLOCKS = YES;
				GCC_WARN_64_TO_32_BIT_CONVERSION = YES;
				GCC_WARN_ABOUT_RETURN_TYPE = YES_ERROR;
				GCC_WARN_UNDECLARED_SELECTOR = YES;
				GCC_WARN_UNINITIALIZED_AUTOS = YES_AGGRESSIVE;
				GCC_WARN_UNUSED_FUNCTION = YES;
				GCC_WARN_UNUSED_VARIABLE = YES;
				MACOSX_DEPLOYMENT_TARGET = 10.12;
				MTL_ENABLE_DEBUG_INFO = NO;
				SDKROOT = macosx;
			};
			name = Release;
		};
		72EC552C1F3393C600C01F4D /* Debug */ = {
			isa = XCBuildConfiguration;
			buildSettings = {
				PRODUCT_NAME = "$(TARGET_NAME)";
			};
			name = Debug;
		};
		72EC552D1F3393C600C01F4D /* Release */ = {
			isa = XCBuildConfiguration;
			buildSettings = {
				PRODUCT_NAME = "$(TARGET_NAME)";
			};
			name = Release;
		};
/* End XCBuildConfiguration section */

/* Begin XCConfigurationList section */
		72EC551F1F3393C300C01F4D /* Build configuration list for PBXProject "TestFSM" */ = {
			isa = XCConfigurationList;
			buildConfigurations = (
				72EC55291F3393C600C01F4D /* Debug */,
				72EC552A1F3393C600C01F4D /* Release */,
			);
			defaultConfigurationIsVisible = 0;
			defaultConfigurationName = Release;
		};
		72EC552B1F3393C600C01F4D /* Build configuration list for PBXNativeTarget "TestFSM" */ = {
			isa = XCConfigurationList;
			buildConfigurations = (
				72EC552C1F3393C600C01F4D /* Debug */,
				72EC552D1F3393C600C01F4D /* Release */,
			);
			defaultConfigurationIsVisible = 0;
			defaultConfigurationName = Release;
		};
/* End XCConfigurationList section */
	};
	rootObject = 72EC551C1F3393C300C01F4D /* Project object */;
}
